{
  "name": "claude-sandbox-sandbox-20250708-223922",
  "version": "1.0.0",
  "lockfileVersion": 3,
  "requires": true,
  "packages": {
    "": {
      "name": "claude-sandbox-sandbox-20250708-223922",
      "version": "1.0.0",
      "license": "ISC",
      "dependencies": {
        "@vibe-kit/auth": "^0.0.5",
        "lodash": "^4.17.21"
      }
    },
    "node_modules/@vibe-kit/auth": {
      "version": "0.0.5",
      "resolved": "https://registry.npmjs.org/@vibe-kit/auth/-/auth-0.0.5.tgz",
      "integrity": "sha512-hQ/vBqRHRwuCD2cpqI/06eF/5PRp6T6NgVleGPLgylZTyH5YoSPGofKFdky6Y/SB0vS7YdqUkbrwV89Tciu/dw==",
      "dependencies": {
        "oauth4webapi": "^3.6.0"
      }
    },
    "node_modules/lodash": {
      "version": "4.17.21",
      "resolved": "https://registry.npmjs.org/lodash/-/lodash-4.17.21.tgz",
      "integrity": "sha512-v2kDEe57lecTulaDIuNTPy3Ry4gLGJ6Z1O3vE1krgXZNrsQ+LFTGHVxVjcXPs17LhbZVGedAJv8XZ1tvj5FvSg==",
      "license": "MIT"
    },
    "node_modules/oauth4webapi": {
      "version": "3.8.1",
      "resolved": "https://registry.npmjs.org/oauth4webapi/-/oauth4webapi-3.8.1.tgz",
      "integrity": "sha512-olkZDELNycOWQf9LrsELFq8n05LwJgV8UkrS0cburk6FOwf8GvLam+YB+Uj5Qvryee+vwWOfQVeI5Vm0MVg7SA==",
      "license": "MIT",
      "funding": {
        "url": "https://github.com/sponsors/panva"
      }
    }
  }
}
